
Microsoft Visual Studio Solution File, Format Version 12.00
# Visual Studio Version 17
VisualStudioVersion = 17.0.31903.59
MinimumVisualStudioVersion = 10.0.40219.1
Project("{9A19103F-16F7-4668-BE54-9A1E7A4F7556}") = "BlazorServerPlaywright.App", "BlazorServerPlaywright.App\BlazorServerPlaywright.App.csproj", "{9F62B822-9DF2-41EB-A275-AD28C9FBF032}"
EndProject
Project("{9A19103F-16F7-4668-BE54-9A1E7A4F7556}") = "BlazorServerPlaywright.Test", "BlazorServerPlaywright.Test\BlazorServerPlaywright.Test.csproj", "{BC96D8E2-FC16-48ED-94E5-CF2876698ACA}"
EndProject
Project("{2150E333-8FDC-42A3-9474-1A3956D46DE8}") = "Solution Items", "Solution Items", "{AB7B1654-1E9D-4850-8082-8DF7BD7FD944}"
	ProjectSection(SolutionItems) = preProject
		.runsettings = .runsettings
		BlazorServerPlaywright.demosnippets = BlazorServerPlaywright.demosnippets
	EndProjectSection
EndProject
Global
	GlobalSection(SolutionConfigurationPlatforms) = preSolution
		Debug|Any CPU = Debug|Any CPU
		Release|Any CPU = Release|Any CPU
	EndGlobalSection
	GlobalSection(ProjectConfigurationPlatforms) = postSolution
		{9F62B822-9DF2-41EB-A275-AD28C9FBF032}.Debug|Any CPU.ActiveCfg = Debug|Any CPU
		{9F62B822-9DF2-41EB-A275-AD28C9FBF032}.Debug|Any CPU.Build.0 = Debug|Any CPU
		{9F62B822-9DF2-41EB-A275-AD28C9FBF032}.Release|Any CPU.ActiveCfg = Release|Any CPU
		{9F62B822-9DF2-41EB-A275-AD28C9FBF032}.Release|Any CPU.Build.0 = Release|Any CPU
		{BC96D8E2-FC16-48ED-94E5-CF2876698ACA}.Debug|Any CPU.ActiveCfg = Debug|Any CPU
		{BC96D8E2-FC16-48ED-94E5-CF2876698ACA}.Debug|Any CPU.Build.0 = Debug|Any CPU
		{BC96D8E2-FC16-48ED-94E5-CF2876698ACA}.Release|Any CPU.ActiveCfg = Release|Any CPU
		{BC96D8E2-FC16-48ED-94E5-CF2876698ACA}.Release|Any CPU.Build.0 = Release|Any CPU
	EndGlobalSection
	GlobalSection(SolutionProperties) = preSolution
		HideSolutionNode = FALSE
	EndGlobalSection
	GlobalSection(ExtensibilityGlobals) = postSolution
		SolutionGuid = {BBCF22B1-EF56-45DB-9AC7-E54BE9AAC7F1}
	EndGlobalSection
EndGlobal
